Microsoft Visual Studio Solution File, Format Version 11.00
# Visual Studio 2008

Project("{4D6CDD97-9DAF-5BB0-CFE0-DA4305708A0A}") = "Base Game", "Assembly-CSharp-firstpass.csproj", "{D140678A-E99B-F81D-0DC6-58393C50C8BE}"
EndProject
Project("{4D6CDD97-9DAF-5BB0-CFE0-DA4305708A0A}") = "Base Game", "Assembly-CSharp.csproj", "{6E7D4841-59EB-24B9-4288-A81131468A4C}"
EndProject
Project("{4D6CDD97-9DAF-5BB0-CFE0-DA4305708A0A}") = "Base Game", "Assembly-UnityScript.unityproj", "{8748699B-393E-FAC3-1DDA-1EA620DE73A6}"
EndProject
Global
	GlobalSection(SolutionConfigurationPlatforms) = preSolution
		Debug|Any CPU = Debug|Any CPU
		Release|Any CPU = Release|Any CPU
	EndGlobalSection
	GlobalSection(ProjectConfigurationPlatforms) = postSolution
		{D140678A-E99B-F81D-0DC6-58393C50C8BE}.Debug|Any CPU.ActiveCfg = Debug|Any CPU
		{D140678A-E99B-F81D-0DC6-58393C50C8BE}.Debug|Any CPU.Build.0 = Debug|Any CPU
		{D140678A-E99B-F81D-0DC6-58393C50C8BE}.Release|Any CPU.ActiveCfg = Release|Any CPU
		{D140678A-E99B-F81D-0DC6-58393C50C8BE}.Release|Any CPU.Build.0 = Release|Any CPU
		{6E7D4841-59EB-24B9-4288-A81131468A4C}.Debug|Any CPU.ActiveCfg = Debug|Any CPU
		{6E7D4841-59EB-24B9-4288-A81131468A4C}.Debug|Any CPU.Build.0 = Debug|Any CPU
		{6E7D4841-59EB-24B9-4288-A81131468A4C}.Release|Any CPU.ActiveCfg = Release|Any CPU
		{6E7D4841-59EB-24B9-4288-A81131468A4C}.Release|Any CPU.Build.0 = Release|Any CPU
		{8748699B-393E-FAC3-1DDA-1EA620DE73A6}.Debug|Any CPU.ActiveCfg = Debug|Any CPU
		{8748699B-393E-FAC3-1DDA-1EA620DE73A6}.Debug|Any CPU.Build.0 = Debug|Any CPU
		{8748699B-393E-FAC3-1DDA-1EA620DE73A6}.Release|Any CPU.ActiveCfg = Release|Any CPU
		{8748699B-393E-FAC3-1DDA-1EA620DE73A6}.Release|Any CPU.Build.0 = Release|Any CPU
	EndGlobalSection
	GlobalSection(SolutionProperties) = preSolution
		HideSolutionNode = FALSE
	EndGlobalSection
																																																																																																																																																																																													GlobalSection(MonoDevelopProperties) = preSolution
		StartupItem = Assembly-CSharp.csproj
		Policies = $0
		$0.TextStylePolicy = $1
		$1.inheritsSet = null
		$1.scope = text/x-csharp
		$0.CSharpFormattingPolicy = $2
		$2.inheritsSet = Mono
		$2.inheritsScope = text/x-csharp
		$2.scope = text/x-csharp
		$0.TextStylePolicy = $3
		$3.FileWidth = 120
		$3.TabWidth = 4
		$3.EolMarker = Unix
		$3.inheritsSet = Mono
		$3.inheritsScope = text/plain
		$3.scope = text/plain
	EndGlobalSection

EndGlobal
